{
    "_readme": [
        "This file locks the dependencies of your project to a known state",
        "Read more about it at https://getcomposer.org/doc/01-basic-usage.md#installing-dependencies",
        "This file is @generated automatically"
    ],
    "content-hash": "6b68139d475798faa49c22d6daf36ca8",
    "packages": [
        {
            "name": "bluehost/endurance-wp-module-business-reviews",
            "version": "1.0.3",
            "source": {
                "type": "git",
                "url": "https://github.com/bluehost/endurance-wp-module-business-reviews.git",
                "reference": "05ecf887a98c95642ae845bafd7be5b609304763"
            },
            "dist": {
                "type": "zip",
                "url": "https://api.github.com/repos/bluehost/endurance-wp-module-business-reviews/zipball/05ecf887a98c95642ae845bafd7be5b609304763",
                "reference": "05ecf887a98c95642ae845bafd7be5b609304763",
                "shasum": ""
            },
            "type": "library",
            "autoload": {
                "files": [
                    "bootstrap.php"
                ]
            },
            "license": [
                "GPL-2.0-or-later"
            ],
            "authors": [
                {
                    "name": "William Earnhardt",
                    "email": "william.earnhardt@endurance.com"
                }
            ],
            "description": "Bluehost Business Reviews Integration",
            "time": "2019-01-08T15:58:33+00:00"
        },
        {
            "name": "bluehost/endurance-wp-module-gutenframe",
            "version": "0.1.2",
            "source": {
                "type": "git",
                "url": "https://github.com/bluehost/endurance-wp-module-gutenframe.git",
                "reference": "5affb465c83dcb8b8c77203e257c852d3d5aa8a5"
            },
            "dist": {
                "type": "zip",
                "url": "https://api.github.com/repos/bluehost/endurance-wp-module-gutenframe/zipball/5affb465c83dcb8b8c77203e257c852d3d5aa8a5",
                "reference": "5affb465c83dcb8b8c77203e257c852d3d5aa8a5",
                "shasum": ""
            },
            "require-dev": {
                "bluehost/wp-php-standards": "^1.1"
            },
            "type": "library",
            "autoload": {
                "classmap": [
                    "src/"
                ],
                "files": [
                    "bootstrap.php"
                ]
            },
            "scripts": {
                "lint": [
                    "vendor/bin/phpcs . --standard=Bluehost"
                ],
                "clean": [
                    "vendor/bin/phpcbf . --standard=Bluehost"
                ]
            },
            "authors": [
                {
                    "name": "David Ryan",
                    "email": "davidb.ryan@endurance.com"
                }
            ],
            "description": "A solution for forcing the Block Editor fullscreen and preparing it for <iframe>-ing.",
            "support": {
                "source": "https://github.com/bluehost/endurance-wp-module-gutenframe/tree/master",
                "issues": "https://github.com/bluehost/endurance-wp-module-gutenframe/issues"
            },
            "time": "2019-08-06T17:50:12+00:00"
        },
        {
            "name": "bluehost/endurance-wp-module-loader",
            "version": "1.0.3",
            "source": {
                "type": "git",
                "url": "https://github.com/bluehost/endurance-wp-module-loader.git",
                "reference": "a9a384596e26950466f7ffc667e0be29f96c36a9"
            },
            "dist": {
                "type": "zip",
                "url": "https://api.github.com/repos/bluehost/endurance-wp-module-loader/zipball/a9a384596e26950466f7ffc667e0be29f96c36a9",
                "reference": "a9a384596e26950466f7ffc667e0be29f96c36a9",
                "shasum": ""
            },
            "type": "library",
            "autoload": {
                "classmap": [
                    "includes/"
                ],
                "files": [
                    "module-loader.php"
                ]
            },
            "license": [
                "GPL-2.0-or-later"
            ],
            "authors": [
                {
                    "name": "Micah Wood",
                    "email": "micah@wpscholar.com"
                }
            ],
            "description": "An Endurance module that handles registration and management of other modules.",
            "time": "2019-01-08T16:32:20+00:00"
        },
        {
            "name": "bluehost/endurance-wp-module-spam-prevention",
            "version": "1.0.1",
            "source": {
                "type": "git",
                "url": "https://github.com/bluehost/endurance-wp-module-spam-prevention.git",
                "reference": "febcfebc931e38f8864a4ab9d36a39dbd2504e1a"
            },
            "dist": {
                "type": "zip",
                "url": "https://api.github.com/repos/bluehost/endurance-wp-module-spam-prevention/zipball/febcfebc931e38f8864a4ab9d36a39dbd2504e1a",
                "reference": "febcfebc931e38f8864a4ab9d36a39dbd2504e1a",
                "shasum": ""
            },
            "type": "library",
            "autoload": {
                "files": [
                    "bootstrap.php"
                ]
            },
            "license": [
                "GPL-2.0+"
            ],
            "authors": [
                {
                    "name": "Micah Wood",
                    "email": "micah@wpscholar.com"
                }
            ],
            "time": "2019-01-08T15:52:52+00:00"
        },
        {
            "name": "bluehost/endurance-wp-module-sso",
            "version": "1.0.2",
            "source": {
                "type": "git",
                "url": "https://github.com/bluehost/endurance-wp-module-sso.git",
                "reference": "71e24d9f07758e6ce93d4a11bbc66e523b643292"
            },
            "dist": {
                "type": "zip",
                "url": "https://api.github.com/repos/bluehost/endurance-wp-module-sso/zipball/71e24d9f07758e6ce93d4a11bbc66e523b643292",
                "reference": "71e24d9f07758e6ce93d4a11bbc66e523b643292",
                "shasum": ""
            },
            "type": "library",
            "autoload": {
                "files": [
                    "bootstrap.php"
                ]
            },
            "license": [
                "GPL-2.0-or-later"
            ],
            "authors": [
                {
                    "name": "Micah Wood",
                    "email": "micah@wpscholar.com"
                }
            ],
            "description": "Bluehost Single Sign-on Integration",
            "time": "2019-01-08T15:53:47+00:00"
        }
    ],
    "packages-dev": [
        {
            "name": "bluehost/wp-php-standards",
            "version": "1.1",
            "source": {
                "type": "git",
                "url": "https://github.com/bluehost/wp-php-standards.git",
                "reference": "79ec6b87d61893b89c731ced540f8d9bb48c9fa2"
            },
            "dist": {
                "type": "zip",
                "url": "https://api.github.com/repos/bluehost/wp-php-standards/zipball/79ec6b87d61893b89c731ced540f8d9bb48c9fa2",
                "reference": "79ec6b87d61893b89c731ced540f8d9bb48c9fa2",
                "shasum": ""
            },
            "require": {
                "dealerdirect/phpcodesniffer-composer-installer": "@stable",
                "phpcompatibility/phpcompatibility-wp": "@stable",
                "squizlabs/php_codesniffer": "@stable",
                "wp-coding-standards/wpcs": "@stable"
            },
            "type": "phpcodesniffer-standard",
            "license": [
                "GPL-2.0-or-later"
            ],
            "authors": [
                {
                    "name": "Micah Wood",
                    "email": "micah@wpscholar.com"
                }
            ],
            "description": "PHP Code Sniffer Standards for Bluehost WordPress projects.",
            "support": {
                "source": "https://github.com/bluehost/wp-php-standards/tree/1.1",
                "issues": "https://github.com/bluehost/wp-php-standards/issues"
            },
            "time": "2019-06-12T17:45:32+00:00"
        },
        {
            "name": "dealerdirect/phpcodesniffer-composer-installer",
            "version": "v0.5.0",
            "source": {
                "type": "git",
                "url": "https://github.com/Dealerdirect/phpcodesniffer-composer-installer.git",
                "reference": "e749410375ff6fb7a040a68878c656c2e610b132"
            },
            "dist": {
                "type": "zip",
                "url": "https://api.github.com/repos/Dealerdirect/phpcodesniffer-composer-installer/zipball/e749410375ff6fb7a040a68878c656c2e610b132",
                "reference": "e749410375ff6fb7a040a68878c656c2e610b132",
                "shasum": ""
            },
            "require": {
                "composer-plugin-api": "^1.0",
                "php": "^5.3|^7",
                "squizlabs/php_codesniffer": "^2|^3"
            },
            "require-dev": {
                "composer/composer": "*",
                "phpcompatibility/php-compatibility": "^9.0",
                "sensiolabs/security-checker": "^4.1.0"
            },
            "type": "composer-plugin",
            "extra": {
                "class": "Dealerdirect\\Composer\\Plugin\\Installers\\PHPCodeSniffer\\Plugin"
            },
            "autoload": {
                "psr-4": {
                    "Dealerdirect\\Composer\\Plugin\\Installers\\PHPCodeSniffer\\": "src/"
                }
            },
            "notification-url": "https://packagist.org/downloads/",
            "license": [
                "MIT"
            ],
            "authors": [
                {
                    "name": "Franck Nijhof",
                    "role": "Developer / IT Manager",
                    "email": "franck.nijhof@dealerdirect.com",
                    "homepage": "http://www.frenck.nl"
                }
            ],
            "description": "PHP_CodeSniffer Standards Composer Installer Plugin",
            "homepage": "http://www.dealerdirect.com",
            "keywords": [
                "PHPCodeSniffer",
                "PHP_CodeSniffer",
                "code quality",
                "codesniffer",
                "composer",
                "installer",
                "phpcs",
                "plugin",
                "qa",
                "quality",
                "standard",
                "standards",
                "style guide",
                "stylecheck",
                "tests"
            ],
            "time": "2018-10-26T13:21:45+00:00"
        },
        {
            "name": "phpcompatibility/php-compatibility",
            "version": "9.3.0",
            "source": {
                "type": "git",
                "url": "https://github.com/PHPCompatibility/PHPCompatibility.git",
                "reference": "06cc8d2c2ed62a70f52963dbdf5eaa1ec0fe34c5"
            },
            "dist": {
                "type": "zip",
                "url": "https://api.github.com/repos/PHPCompatibility/PHPCompatibility/zipball/06cc8d2c2ed62a70f52963dbdf5eaa1ec0fe34c5",
                "reference": "06cc8d2c2ed62a70f52963dbdf5eaa1ec0fe34c5",
                "shasum": ""
            },
            "require": {
                "php": ">=5.3",
                "squizlabs/php_codesniffer": "^2.3 || ^3.0.2"
            },
            "conflict": {
                "squizlabs/php_codesniffer": "2.6.2"
            },
            "require-dev": {
                "phpunit/phpunit": "~4.5 || ^5.0 || ^6.0 || ^7.0"
            },
            "suggest": {
                "dealerdirect/phpcodesniffer-composer-installer": "^0.5 || This Composer plugin will sort out the PHPCS 'installed_paths' automatically.",
                "roave/security-advisories": "dev-master || Helps prevent installing dependencies with known security issues."
            },
            "type": "phpcodesniffer-standard",
            "notification-url": "https://packagist.org/downloads/",
            "license": [
                "LGPL-3.0-or-later"
            ],
            "authors": [
                {
                    "name": "Wim Godden",
                    "homepage": "https://github.com/wimg",
                    "role": "lead"
                },
                {
                    "name": "Juliette Reinders Folmer",
                    "homepage": "https://github.com/jrfnl",
                    "role": "lead"
                },
                {
                    "name": "Contributors",
                    "homepage": "https://github.com/PHPCompatibility/PHPCompatibility/graphs/contributors"
                }
            ],
            "description": "A set of sniffs for PHP_CodeSniffer that checks for PHP cross-version compatibility.",
            "homepage": "http://techblog.wimgodden.be/tag/codesniffer/",
            "keywords": [
                "compatibility",
                "phpcs",
                "standards"
            ],
            "time": "2019-08-28T15:29:06+00:00"
        },
        {
            "name": "phpcompatibility/phpcompatibility-paragonie",
            "version": "1.1.0",
            "source": {
                "type": "git",
                "url": "https://github.com/PHPCompatibility/PHPCompatibilityParagonie.git",
                "reference": "b1bb79a7cab1fb856b56f1b5cf110b6e52d8e936"
            },
            "dist": {
                "type": "zip",
                "url": "https://api.github.com/repos/PHPCompatibility/PHPCompatibilityParagonie/zipball/b1bb79a7cab1fb856b56f1b5cf110b6e52d8e936",
                "reference": "b1bb79a7cab1fb856b56f1b5cf110b6e52d8e936",
                "shasum": ""
            },
            "require": {
                "phpcompatibility/php-compatibility": "^9.0"
            },
            "require-dev": {
                "dealerdirect/phpcodesniffer-composer-installer": "^0.5",
                "paragonie/random_compat": "dev-master",
                "paragonie/sodium_compat": "dev-master"
            },
            "suggest": {
                "dealerdirect/phpcodesniffer-composer-installer": "^0.5 || This Composer plugin will sort out the PHP_CodeSniffer 'installed_paths' automatically.",
                "roave/security-advisories": "dev-master || Helps prevent installing dependencies with known security issues."
            },
            "type": "phpcodesniffer-standard",
            "notification-url": "https://packagist.org/downloads/",
            "license": [
                "LGPL-3.0-or-later"
            ],
            "authors": [
                {
                    "name": "Wim Godden",
                    "role": "lead"
                },
                {
                    "name": "Juliette Reinders Folmer",
                    "role": "lead"
                }
            ],
            "description": "A set of rulesets for PHP_CodeSniffer to check for PHP cross-version compatibility issues in projects, while accounting for polyfills provided by the Paragonie polyfill libraries.",
            "homepage": "http://phpcompatibility.com/",
            "keywords": [
                "compatibility",
                "paragonie",
                "phpcs",
                "polyfill",
                "standards"
            ],
            "time": "2019-08-28T15:58:19+00:00"
        },
        {
            "name": "phpcompatibility/phpcompatibility-wp",
            "version": "2.1.0",
            "source": {
                "type": "git",
                "url": "https://github.com/PHPCompatibility/PHPCompatibilityWP.git",
                "reference": "41bef18ba688af638b7310666db28e1ea9158b2f"
            },
            "dist": {
                "type": "zip",
                "url": "https://api.github.com/repos/PHPCompatibility/PHPCompatibilityWP/zipball/41bef18ba688af638b7310666db28e1ea9158b2f",
                "reference": "41bef18ba688af638b7310666db28e1ea9158b2f",
                "shasum": ""
            },
            "require": {
                "phpcompatibility/php-compatibility": "^9.0",
                "phpcompatibility/phpcompatibility-paragonie": "^1.0"
            },
            "require-dev": {
                "dealerdirect/phpcodesniffer-composer-installer": "^0.5"
            },
            "suggest": {
                "dealerdirect/phpcodesniffer-composer-installer": "^0.5 || This Composer plugin will sort out the PHP_CodeSniffer 'installed_paths' automatically.",
                "roave/security-advisories": "dev-master || Helps prevent installing dependencies with known security issues."
            },
            "type": "phpcodesniffer-standard",
            "notification-url": "https://packagist.org/downloads/",
            "license": [
                "LGPL-3.0-or-later"
            ],
            "authors": [
                {
                    "name": "Wim Godden",
                    "role": "lead"
                },
                {
                    "name": "Juliette Reinders Folmer",
                    "role": "lead"
                }
            ],
            "description": "A ruleset for PHP_CodeSniffer to check for PHP cross-version compatibility issues in projects, while accounting for polyfills provided by WordPress.",
            "homepage": "http://phpcompatibility.com/",
            "keywords": [
                "compatibility",
                "phpcs",
                "standards",
                "wordpress"
            ],
            "time": "2019-08-28T14:22:28+00:00"
        },
        {
            "name": "squizlabs/php_codesniffer",
            "version": "3.4.2",
            "source": {
                "type": "git",
                "url": "https://github.com/squizlabs/PHP_CodeSniffer.git",
                "reference": "b8a7362af1cc1aadb5bd36c3defc4dda2cf5f0a8"
            },
            "dist": {
                "type": "zip",
                "url": "https://api.github.com/repos/squizlabs/PHP_CodeSniffer/zipball/b8a7362af1cc1aadb5bd36c3defc4dda2cf5f0a8",
                "reference": "b8a7362af1cc1aadb5bd36c3defc4dda2cf5f0a8",
                "shasum": ""
            },
            "require": {
                "ext-simplexml": "*",
                "ext-tokenizer": "*",
                "ext-xmlwriter": "*",
                "php": ">=5.4.0"
            },
            "require-dev": {
                "phpunit/phpunit": "^4.0 || ^5.0 || ^6.0 || ^7.0"
            },
            "bin": [
                "bin/phpcs",
                "bin/phpcbf"
            ],
            "type": "library",
            "extra": {
                "branch-alias": {
                    "dev-master": "3.x-dev"
                }
            },
            "notification-url": "https://packagist.org/downloads/",
            "license": [
                "BSD-3-Clause"
            ],
            "authors": [
                {
                    "name": "Greg Sherwood",
                    "role": "lead"
                }
            ],
            "description": "PHP_CodeSniffer tokenizes PHP, JavaScript and CSS files and detects violations of a defined set of coding standards.",
            "homepage": "https://github.com/squizlabs/PHP_CodeSniffer",
            "keywords": [
                "phpcs",
                "standards"
            ],
            "time": "2019-04-10T23:49:02+00:00"
        },
        {
            "name": "wp-coding-standards/wpcs",
            "version": "2.1.1",
            "source": {
                "type": "git",
                "url": "https://github.com/WordPress/WordPress-Coding-Standards.git",
                "reference": "bd9c33152115e6741e3510ff7189605b35167908"
            },
            "dist": {
                "type": "zip",
                "url": "https://api.github.com/repos/WordPress/WordPress-Coding-Standards/zipball/bd9c33152115e6741e3510ff7189605b35167908",
                "reference": "bd9c33152115e6741e3510ff7189605b35167908",
                "shasum": ""
            },
            "require": {
                "php": ">=5.4",
                "squizlabs/php_codesniffer": "^3.3.1"
            },
            "require-dev": {
                "dealerdirect/phpcodesniffer-composer-installer": "^0.5.0",
                "phpcompatibility/php-compatibility": "^9.0",
                "phpunit/phpunit": "^4.0 || ^5.0 || ^6.0 || ^7.0"
            },
            "suggest": {
                "dealerdirect/phpcodesniffer-composer-installer": "^0.5.0 || This Composer plugin will sort out the PHPCS 'installed_paths' automatically."
            },
            "type": "phpcodesniffer-standard",
            "notification-url": "https://packagist.org/downloads/",
            "license": [
                "MIT"
            ],
            "authors": [
                {
                    "name": "Contributors",
                    "homepage": "https://github.com/WordPress-Coding-Standards/WordPress-Coding-Standards/graphs/contributors"
                }
            ],
            "description": "PHP_CodeSniffer rules (sniffs) to enforce WordPress coding conventions",
            "keywords": [
                "phpcs",
                "standards",
                "wordpress"
            ],
            "time": "2019-05-21T02:50:00+00:00"
        }
    ],
    "aliases": [],
    "minimum-stability": "stable",
    "stability-flags": [],
    "prefer-stable": false,
    "prefer-lowest": false,
    "platform": [],
    "platform-dev": []
}
